
Microsoft Visual Studio Solution File, Format Version 12.00
Project("{FAE04EC0-301F-11D3-BF4B-00C04F79EFBC}") = "Scraper", "Scraper\Scraper.csproj", "{2D886D4D-C50D-4735-AE08-AF464D9BA18A}"
EndProject
Global
	GlobalSection(SolutionConfigurationPlatforms) = preSolution
		Debug|Any CPU = Debug|Any CPU
		Release|Any CPU = Release|Any CPU
	EndGlobalSection
	GlobalSection(ProjectConfigurationPlatforms) = postSolution
		{2D886D4D-C50D-4735-AE08-AF464D9BA18A}.Debug|Any CPU.ActiveCfg = Debug|Any CPU
		{2D886D4D-C50D-4735-AE08-AF464D9BA18A}.Debug|Any CPU.Build.0 = Debug|Any CPU
		{2D886D4D-C50D-4735-AE08-AF464D9BA18A}.Release|Any CPU.ActiveCfg = Release|Any CPU
		{2D886D4D-C50D-4735-AE08-AF464D9BA18A}.Release|Any CPU.Build.0 = Release|Any CPU
	EndGlobalSection
EndGlobal
